{
  "name": "ajs-node",
  "version": "1.0.0",
  "lockfileVersion": 3,
  "requires": true,
  "packages": {
    "": {
      "name": "ajs-node",
      "version": "1.0.0",
      "license": "ISC",
      "dependencies": {
        "@ydtalel/ajs": "^1.0.2"
      }
    },
    "node_modules/@ydtalel/ajs": {
      "version": "1.0.2",
      "resolved": "https://npm.pkg.github.com/download/@ydtalel/ajs/1.0.2/798b881cdb9dea76f2c2bf12d922c40c15ad4905",
      "integrity": "sha512-OAwx4nRnpOeYQSrZ5OsO4nyKAdUPyNBcHk1Z0XqfU/ndmcUXVOEDFldwXfI41bWBgo6dcfX1Pko4fAw7n4bZYg==",
      "license": "ISC"
    }
  }
}
